// !$*UTF8*$!
{
	archiveVersion = 1;
	classes = {
	};
	objectVersion = 56;
	objects = {

/* Begin PBXBuildFile section */
		2BB1A0272BD60C0C00E0D41E /* EmergencyContactsApp.swift in Sources */ = {isa = PBXBuildFile; fileRef = 2BB1A0262BD60C0C00E0D41E /* EmergencyContactsApp.swift */; };
		2BB1A0292BD60C0C00E0D41E /* ContentView.swift in Sources */ = {isa = PBXBuildFile; fileRef = 2BB1A0282BD60C0C00E0D41E /* ContentView.swift */; };
		2BB1A02B2BD60C0E00E0D41E /* Assets.xcassets in Resources */ = {isa = PBXBuildFile; fileRef = 2BB1A02A2BD60C0E00E0D41E /* Assets.xcassets */; };
		2BB1A02F2BD60C0E00E0D41E /* Preview Assets.xcassets in Resources */ = {isa = PBXBuildFile; fileRef = 2BB1A02E2BD60C0E00E0D41E /* Preview Assets.xcassets */; };
		2BB1A0392BD60C0E00E0D41E /* EmergencyContactsTests.swift in Sources */ = {isa = PBXBuildFile; fileRef = 2BB1A0382BD60C0E00E0D41E /* EmergencyContactsTests.swift */; };
		2BB1A0432BD60C0F00E0D41E /* EmergencyContactsUITests.swift in Sources */ = {isa = PBXBuildFile; fileRef = 2BB1A0422BD60C0F00E0D41E /* EmergencyContactsUITests.swift */; };
		2BB1A0452BD60C0F00E0D41E /* EmergencyContactsUITestsLaunchTests.swift in Sources */ = {isa = PBXBuildFile; fileRef = 2BB1A0442BD60C0F00E0D41E /* EmergencyContactsUITestsLaunchTests.swift */; };
/* End PBXBuildFile section */

/* Begin PBXContainerItemProxy section */
		2BB1A0352BD60C0E00E0D41E /* PBXContainerItemProxy */ = {
			isa = PBXContainerItemProxy;
			containerPortal = 2BB1A01B2BD60C0C00E0D41E /* Project object */;
			proxyType = 1;
			remoteGlobalIDString = 2BB1A0222BD60C0C00E0D41E;
			remoteInfo = EmergencyContacts;
		};
		2BB1A03F2BD60C0F00E0D41E /* PBXContainerItemProxy */ = {
			isa = PBXContainerItemProxy;
			containerPortal = 2BB1A01B2BD60C0C00E0D41E /* Project object */;
			proxyType = 1;
			remoteGlobalIDString = 2BB1A0222BD60C0C00E0D41E;
			remoteInfo = EmergencyContacts;
		};
/* End PBXContainerItemProxy section */

/* Begin PBXFileReference section */
		2BB1A0232BD60C0C00E0D41E /* EmergencyContacts.app */ = {isa = PBXFileReference; explicitFileType = wrapper.application; includeInIndex = 0; path = EmergencyContacts.app; sourceTree = BUILT_PRODUCTS_DIR; };
		2BB1A0262BD60C0C00E0D41E /* EmergencyContactsApp.swift */ = {isa = PBXFileReference; lastKnownFileType = sourcecode.swift; path = EmergencyContactsApp.swift; sourceTree = "<group>"; };
		2BB1A0282BD60C0C00E0D41E /* ContentView.swift */ = {isa = PBXFileReference; lastKnownFileType = sourcecode.swift; path = ContentView.swift; sourceTree = "<group>"; };
		2BB1A02A2BD60C0E00E0D41E /* Assets.xcassets */ = {isa = PBXFileReference; lastKnownFileType = folder.assetcatalog; path = Assets.xcassets; sourceTree = "<group>"; };
		2BB1A02C2BD60C0E00E0D41E /* EmergencyContacts.entitlements */ = {isa = PBXFileReference; lastKnownFileType = text.plist.entitlements; path = EmergencyContacts.entitlements; sourceTree = "<group>"; };
		2BB1A02E2BD60C0E00E0D41E /* Preview Assets.xcassets */ = {isa = PBXFileReference; lastKnownFileType = folder.assetcatalog; path = "Preview Assets.xcassets"; sourceTree = "<group>"; };
		2BB1A0342BD60C0E00E0D41E /* EmergencyContactsTests.xctest */ = {isa = PBXFileReference; explicitFileType = wrapper.cfbundle; includeInIndex = 0; path = EmergencyContactsTests.xctest; sourceTree = BUILT_PRODUCTS_DIR; };
		2BB1A0382BD60C0E00E0D41E /* EmergencyContactsTests.swift */ = {isa = PBXFileReference; lastKnownFileType = sourcecode.swift; path = EmergencyContactsTests.swift; sourceTree = "<group>"; };
		2BB1A03E2BD60C0F00E0D41E /* EmergencyContactsUITests.xctest */ = {isa = PBXFileReference; explicitFileType = wrapper.cfbundle; includeInIndex = 0; path = EmergencyContactsUITests.xctest; sourceTree = BUILT_PRODUCTS_DIR; };
		2BB1A0422BD60C0F00E0D41E /* EmergencyContactsUITests.swift */ = {isa = PBXFileReference; lastKnownFileType = sourcecode.swift; path = EmergencyContactsUITests.swift; sourceTree = "<group>"; };
		2BB1A0442BD60C0F00E0D41E /* EmergencyContactsUITestsLaunchTests.swift */ = {isa = PBXFileReference; lastKnownFileType = sourcecode.swift; path = EmergencyContactsUITestsLaunchTests.swift; sourceTree = "<group>"; };
/* End PBXFileReference section */

/* Begin PBXFrameworksBuildPhase section */
		2BB1A0202BD60C0C00E0D41E /* Frameworks */ = {
			isa = PBXFrameworksBuildPhase;
			buildActionMask = 2147483647;
			files = (
			);
			runOnlyForDeploymentPostprocessing = 0;
		};
		2BB1A0312BD60C0E00E0D41E /* Frameworks */ = {
			isa = PBXFrameworksBuildPhase;
			buildActionMask = 2147483647;
			files = (
			);
			runOnlyForDeploymentPostprocessing = 0;
		};
		2BB1A03B2BD60C0F00E0D41E /* Frameworks */ = {
			isa = PBXFrameworksBuildPhase;
			buildActionMask = 2147483647;
			files = (
			);
			runOnlyForDeploymentPostprocessing = 0;
		};
/* End PBXFrameworksBuildPhase section */

/* Begin PBXGroup section */
		2BB1A01A2BD60C0C00E0D41E = {
			isa = PBXGroup;
			children = (
				2BB1A0252BD60C0C00E0D41E /* EmergencyContacts */,
				2BB1A0372BD60C0E00E0D41E /* EmergencyContactsTests */,
				2BB1A0412BD60C0F00E0D41E /* EmergencyContactsUITests */,
				2BB1A0242BD60C0C00E0D41E /* Products */,
			);
			sourceTree = "<group>";
		};
		2BB1A0242BD60C0C00E0D41E /* Products */ = {
			isa = PBXGroup;
			children = (
				2BB1A0232BD60C0C00E0D41E /* EmergencyContacts.app */,
				2BB1A0342BD60C0E00E0D41E /* EmergencyContactsTests.xctest */,
				2BB1A03E2BD60C0F00E0D41E /* EmergencyContactsUITests.xctest */,
			);
			name = Products;
			sourceTree = "<group>";
		};
		2BB1A0252BD60C0C00E0D41E /* EmergencyContacts */ = {
			isa = PBXGroup;
			children = (
				2BB1A0262BD60C0C00E0D41E /* EmergencyContactsApp.swift */,
				2BB1A0282BD60C0C00E0D41E /* ContentView.swift */,
				2BB1A02A2BD60C0E00E0D41E /* Assets.xcassets */,
				2BB1A02C2BD60C0E00E0D41E /* EmergencyContacts.entitlements */,
				2BB1A02D2BD60C0E00E0D41E /* Preview Content */,
			);
			path = EmergencyContacts;
			sourceTree = "<group>";
		};
		2BB1A02D2BD60C0E00E0D41E /* Preview Content */ = {
			isa = PBXGroup;
			children = (
				2BB1A02E2BD60C0E00E0D41E /* Preview Assets.xcassets */,
			);
			path = "Preview Content";
			sourceTree = "<group>";
		};
		2BB1A0372BD60C0E00E0D41E /* EmergencyContactsTests */ = {
			isa = PBXGroup;
			children = (
				2BB1A0382BD60C0E00E0D41E /* EmergencyContactsTests.swift */,
			);
			path = EmergencyContactsTests;
			sourceTree = "<group>";
		};
		2BB1A0412BD60C0F00E0D41E /* EmergencyContactsUITests */ = {
			isa = PBXGroup;
			children = (
				2BB1A0422BD60C0F00E0D41E /* EmergencyContactsUITests.swift */,
				2BB1A0442BD60C0F00E0D41E /* EmergencyContactsUITestsLaunchTests.swift */,
			);
			path = EmergencyContactsUITests;
			sourceTree = "<group>";
		};
/* End PBXGroup section */

/* Begin PBXNativeTarget section */
		2BB1A0222BD60C0C00E0D41E /* EmergencyContacts */ = {
			isa = PBXNativeTarget;
			buildConfigurationList = 2BB1A0482BD60C0F00E0D41E /* Build configuration list for PBXNativeTarget "EmergencyContacts" */;
			buildPhases = (
				2BB1A01F2BD60C0C00E0D41E /* Sources */,
				2BB1A0202BD60C0C00E0D41E /* Frameworks */,
				2BB1A0212BD60C0C00E0D41E /* Resources */,
			);
			buildRules = (
			);
			dependencies = (
			);
			name = EmergencyContacts;
			productName = EmergencyContacts;
			productReference = 2BB1A0232BD60C0C00E0D41E /* EmergencyContacts.app */;
			productType = "com.apple.product-type.application";
		};
		2BB1A0332BD60C0E00E0D41E /* EmergencyContactsTests */ = {
			isa = PBXNativeTarget;
			buildConfigurationList = 2BB1A04B2BD60C0F00E0D41E /* Build configuration list for PBXNativeTarget "EmergencyContactsTests" */;
			buildPhases = (
				2BB1A0302BD60C0E00E0D41E /* Sources */,
				2BB1A0312BD60C0E00E0D41E /* Frameworks */,
				2BB1A0322BD60C0E00E0D41E /* Resources */,
			);
			buildRules = (
			);
			dependencies = (
				2BB1A0362BD60C0E00E0D41E /* PBXTargetDependency */,
			);
			name = EmergencyContactsTests;
			productName = EmergencyContactsTests;
			productReference = 2BB1A0342BD60C0E00E0D41E /* EmergencyContactsTests.xctest */;
			productType = "com.apple.product-type.bundle.unit-test";
		};
		2BB1A03D2BD60C0F00E0D41E /* EmergencyContactsUITests */ = {
			isa = PBXNativeTarget;
			buildConfigurationList = 2BB1A04E2BD60C0F00E0D41E /* Build configuration list for PBXNativeTarget "EmergencyContactsUITests" */;
			buildPhases = (
				2BB1A03A2BD60C0F00E0D41E /* Sources */,
				2BB1A03B2BD60C0F00E0D41E /* Frameworks */,
				2BB1A03C2BD60C0F00E0D41E /* Resources */,
			);
			buildRules = (
			);
			dependencies = (
				2BB1A0402BD60C0F00E0D41E /* PBXTargetDependency */,
			);
			name = EmergencyContactsUITests;
			productName = EmergencyContactsUITests;
			productReference = 2BB1A03E2BD60C0F00E0D41E /* EmergencyContactsUITests.xctest */;
			productType = "com.apple.product-type.bundle.ui-testing";
		};
/* End PBXNativeTarget section */

/* Begin PBXProject section */
		2BB1A01B2BD60C0C00E0D41E /* Project object */ = {
			isa = PBXProject;
			attributes = {
				BuildIndependentTargetsInParallel = 1;
				LastSwiftUpdateCheck = 1530;
				LastUpgradeCheck = 1530;
				TargetAttributes = {
					2BB1A0222BD60C0C00E0D41E = {
						CreatedOnToolsVersion = 15.3;
					};
					2BB1A0332BD60C0E00E0D41E = {
						CreatedOnToolsVersion = 15.3;
						TestTargetID = 2BB1A0222BD60C0C00E0D41E;
					};
					2BB1A03D2BD60C0F00E0D41E = {
						CreatedOnToolsVersion = 15.3;
						TestTargetID = 2BB1A0222BD60C0C00E0D41E;
					};
				};
			};
			buildConfigurationList = 2BB1A01E2BD60C0C00E0D41E /* Build configuration list for PBXProject "EmergencyContacts" */;
			compatibilityVersion = "Xcode 14.0";
			developmentRegion = en;
			hasScannedForEncodings = 0;
			knownRegions = (
				en,
				Base,
			);
			mainGroup = 2BB1A01A2BD60C0C00E0D41E;
			productRefGroup = 2BB1A0242BD60C0C00E0D41E /* Products */;
			projectDirPath = "";
			projectRoot = "";
			targets = (
				2BB1A0222BD60C0C00E0D41E /* EmergencyContacts */,
				2BB1A0332BD60C0E00E0D41E /* EmergencyContactsTests */,
				2BB1A03D2BD60C0F00E0D41E /* EmergencyContactsUITests */,
			);
		};
/* End PBXProject section */

/* Begin PBXResourcesBuildPhase section */
		2BB1A0212BD60C0C00E0D41E /* Resources */ = {
			isa = PBXResourcesBuildPhase;
			buildActionMask = 2147483647;
			files = (
				2BB1A02F2BD60C0E00E0D41E /* Preview Assets.xcassets in Resources */,
				2BB1A02B2BD60C0E00E0D41E /* Assets.xcassets in Resources */,
			);
			runOnlyForDeploymentPostprocessing = 0;
		};
		2BB1A0322BD60C0E00E0D41E /* Resources */ = {
			isa = PBXResourcesBuildPhase;
			buildActionMask = 2147483647;
			files = (
			);
			runOnlyForDeploymentPostprocessing = 0;
		};
		2BB1A03C2BD60C0F00E0D41E /* Resources */ = {
			isa = PBXResourcesBuildPhase;
			buildActionMask = 2147483647;
			files = (
			);
			runOnlyForDeploymentPostprocessing = 0;
		};
/* End PBXResourcesBuildPhase section */

/* Begin PBXSourcesBuildPhase section */
		2BB1A01F2BD60C0C00E0D41E /* Sources */ = {
			isa = PBXSourcesBuildPhase;
			buildActionMask = 2147483647;
			files = (
				2BB1A0292BD60C0C00E0D41E /* ContentView.swift in Sources */,
				2BB1A0272BD60C0C00E0D41E /* EmergencyContactsApp.swift in Sources */,
			);
			runOnlyForDeploymentPostprocessing = 0;
		};
		2BB1A0302BD60C0E00E0D41E /* Sources */ = {
			isa = PBXSourcesBuildPhase;
			buildActionMask = 2147483647;
			files = (
				2BB1A0392BD60C0E00E0D41E /* EmergencyContactsTests.swift in Sources */,
			);
			runOnlyForDeploymentPostprocessing = 0;
		};
		2BB1A03A2BD60C0F00E0D41E /* Sources */ = {
			isa = PBXSourcesBuildPhase;
			buildActionMask = 2147483647;
			files = (
				2BB1A0432BD60C0F00E0D41E /* EmergencyContactsUITests.swift in Sources */,
				2BB1A0452BD60C0F00E0D41E /* EmergencyContactsUITestsLaunchTests.swift in Sources */,
			);
			runOnlyForDeploymentPostprocessing = 0;
		};
/* End PBXSourcesBuildPhase section */

/* Begin PBXTargetDependency section */
		2BB1A0362BD60C0E00E0D41E /* PBXTargetDependency */ = {
			isa = PBXTargetDependency;
			target = 2BB1A0222BD60C0C00E0D41E /* EmergencyContacts */;
			targetProxy = 2BB1A0352BD60C0E00E0D41E /* PBXContainerItemProxy */;
		};
		2BB1A0402BD60C0F00E0D41E /* PBXTargetDependency */ = {
			isa = PBXTargetDependency;
			target = 2BB1A0222BD60C0C00E0D41E /* EmergencyContacts */;
			targetProxy = 2BB1A03F2BD60C0F00E0D41E /* PBXContainerItemProxy */;
		};
/* End PBXTargetDependency section */

/* Begin XCBuildConfiguration section */
		2BB1A0462BD60C0F00E0D41E /* Debug */ = {
			isa = XCBuildConfiguration;
			buildSettings = {
				ALWAYS_SEARCH_USER_PATHS = NO;
				ASSETCATALOG_COMPILER_GENERATE_SWIFT_ASSET_SYMBOL_EXTENSIONS = YES;
				CLANG_ANALYZER_NONNULL = YES;
				CLANG_ANALYZER_NUMBER_OBJECT_CONVERSION = YES_AGGRESSIVE;
				CLANG_CXX_LANGUAGE_STANDARD = "gnu++20";
				CLANG_ENABLE_MODULES = YES;
				CLANG_ENABLE_OBJC_ARC = YES;
				CLANG_ENABLE_OBJC_WEAK = YES;
				CLANG_WARN_BLOCK_CAPTURE_AUTORELEASING = YES;
				CLANG_WARN_BOOL_CONVERSION = YES;
				CLANG_WARN_COMMA = YES;
				CLANG_WARN_CONSTANT_CONVERSION = YES;
				CLANG_WARN_DEPRECATED_OBJC_IMPLEMENTATIONS = YES;
				CLANG_WARN_DIRECT_OBJC_ISA_USAGE = YES_ERROR;
				CLANG_WARN_DOCUMENTATION_COMMENTS = YES;
				CLANG_WARN_EMPTY_BODY = YES;
				CLANG_WARN_ENUM_CONVERSION = YES;
				CLANG_WARN_INFINITE_RECURSION = YES;
				CLANG_WARN_INT_CONVERSION = YES;
				CLANG_WARN_NON_LITERAL_NULL_CONVERSION = YES;
				CLANG_WARN_OBJC_IMPLICIT_RETAIN_SELF = YES;
				CLANG_WARN_OBJC_LITERAL_CONVERSION = YES;
				CLANG_WARN_OBJC_ROOT_CLASS = YES_ERROR;
				CLANG_WARN_QUOTED_INCLUDE_IN_FRAMEWORK_HEADER = YES;
				CLANG_WARN_RANGE_LOOP_ANALYSIS = YES;
				CLANG_WARN_STRICT_PROTOTYPES = YES;
				CLANG_WARN_SUSPICIOUS_MOVE = YES;
				CLANG_WARN_UNGUARDED_AVAILABILITY = YES_AGGRESSIVE;
				CLANG_WARN_UNREACHABLE_CODE = YES;
				CLANG_WARN__DUPLICATE_METHOD_MATCH = YES;
				COPY_PHASE_STRIP = NO;
				DEBUG_INFORMATION_FORMAT = dwarf;
				ENABLE_STRICT_OBJC_MSGSEND = YES;
				ENABLE_TESTABILITY = YES;
				ENABLE_USER_SCRIPT_SANDBOXING = YES;
				GCC_C_LANGUAGE_STANDARD = gnu17;
				GCC_DYNAMIC_NO_PIC = NO;
				GCC_NO_COMMON_BLOCKS = YES;
				GCC_OPTIMIZATION_LEVEL = 0;
				GCC_PREPROCESSOR_DEFINITIONS = (
					"DEBUG=1",
					"$(inherited)",
				);
				GCC_WARN_64_TO_32_BIT_CONVERSION = YES;
				GCC_WARN_ABOUT_RETURN_TYPE = YES_ERROR;
				GCC_WARN_UNDECLARED_SELECTOR = YES;
				GCC_WARN_UNINITIALIZED_AUTOS = YES_AGGRESSIVE;
				GCC_WARN_UNUSED_FUNCTION = YES;
				GCC_WARN_UNUSED_VARIABLE = YES;
				LOCALIZATION_PREFERS_STRING_CATALOGS = YES;
				MTL_ENABLE_DEBUG_INFO = INCLUDE_SOURCE;
				MTL_FAST_MATH = YES;
				ONLY_ACTIVE_ARCH = YES;
				SWIFT_ACTIVE_COMPILATION_CONDITIONS = "DEBUG $(inherited)";
				SWIFT_OPTIMIZATION_LEVEL = "-Onone";
			};
			name = Debug;
		};
		2BB1A0472BD60C0F00E0D41E /* Release */ = {
			isa = XCBuildConfiguration;
			buildSettings = {
				ALWAYS_SEARCH_USER_PATHS = NO;
				ASSETCATALOG_COMPILER_GENERATE_SWIFT_ASSET_SYMBOL_EXTENSIONS = YES;
				CLANG_ANALYZER_NONNULL = YES;
				CLANG_ANALYZER_NUMBER_OBJECT_CONVERSION = YES_AGGRESSIVE;
				CLANG_CXX_LANGUAGE_STANDARD = "gnu++20";
				CLANG_ENABLE_MODULES = YES;
				CLANG_ENABLE_OBJC_ARC = YES;
				CLANG_ENABLE_OBJC_WEAK = YES;
				CLANG_WARN_BLOCK_CAPTURE_AUTORELEASING = YES;
				CLANG_WARN_BOOL_CONVERSION = YES;
				CLANG_WARN_COMMA = YES;
				CLANG_WARN_CONSTANT_CONVERSION = YES;
				CLANG_WARN_DEPRECATED_OBJC_IMPLEMENTATIONS = YES;
				CLANG_WARN_DIRECT_OBJC_ISA_USAGE = YES_ERROR;
				CLANG_WARN_DOCUMENTATION_COMMENTS = YES;
				CLANG_WARN_EMPTY_BODY = YES;
				CLANG_WARN_ENUM_CONVERSION = YES;
				CLANG_WARN_INFINITE_RECURSION = YES;
				CLANG_WARN_INT_CONVERSION = YES;
				CLANG_WARN_NON_LITERAL_NULL_CONVERSION = YES;
				CLANG_WARN_OBJC_IMPLICIT_RETAIN_SELF = YES;
				CLANG_WARN_OBJC_LITERAL_CONVERSION = YES;
				CLANG_WARN_OBJC_ROOT_CLASS = YES_ERROR;
				CLANG_WARN_QUOTED_INCLUDE_IN_FRAMEWORK_HEADER = YES;
				CLANG_WARN_RANGE_LOOP_ANALYSIS = YES;
				CLANG_WARN_STRICT_PROTOTYPES = YES;
				CLANG_WARN_SUSPICIOUS_MOVE = YES;
				CLANG_WARN_UNGUARDED_AVAILABILITY = YES_AGGRESSIVE;
				CLANG_WARN_UNREACHABLE_CODE = YES;
				CLANG_WARN__DUPLICATE_METHOD_MATCH = YES;
				COPY_PHASE_STRIP = NO;
				DEBUG_INFORMATION_FORMAT = "dwarf-with-dsym";
				ENABLE_NS_ASSERTIONS = NO;
				ENABLE_STRICT_OBJC_MSGSEND = YES;
				ENABLE_USER_SCRIPT_SANDBOXING = YES;
				GCC_C_LANGUAGE_STANDARD = gnu17;
				GCC_NO_COMMON_BLOCKS = YES;
				GCC_WARN_64_TO_32_BIT_CONVERSION = YES;
				GCC_WARN_ABOUT_RETURN_TYPE = YES_ERROR;
				GCC_WARN_UNDECLARED_SELECTOR = YES;
				GCC_WARN_UNINITIALIZED_AUTOS = YES_AGGRESSIVE;
				GCC_WARN_UNUSED_FUNCTION = YES;
				GCC_WARN_UNUSED_VARIABLE = YES;
				LOCALIZATION_PREFERS_STRING_CATALOGS = YES;
				MTL_ENABLE_DEBUG_INFO = NO;
				MTL_FAST_MATH = YES;
				SWIFT_COMPILATION_MODE = wholemodule;
			};
			name = Release;
		};
		2BB1A0492BD60C0F00E0D41E /* Debug */ = {
			isa = XCBuildConfiguration;
			buildSettings = {
				ASSETCATALOG_COMPILER_APPICON_NAME = AppIcon;
				ASSETCATALOG_COMPILER_GLOBAL_ACCENT_COLOR_NAME = AccentColor;
				CODE_SIGN_ENTITLEMENTS = EmergencyContacts/EmergencyContacts.entitlements;
				CODE_SIGN_STYLE = Automatic;
				CURRENT_PROJECT_VERSION = 1;
				DEVELOPMENT_ASSET_PATHS = "\"EmergencyContacts/Preview Content\"";
				ENABLE_PREVIEWS = YES;
				GENERATE_INFOPLIST_FILE = YES;
				"INFOPLIST_KEY_UIApplicationSceneManifest_Generation[sdk=iphoneos*]" = YES;
				"INFOPLIST_KEY_UIApplicationSceneManifest_Generation[sdk=iphonesimulator*]" = YES;
				"INFOPLIST_KEY_UIApplicationSupportsIndirectInputEvents[sdk=iphoneos*]" = YES;
				"INFOPLIST_KEY_UIApplicationSupportsIndirectInputEvents[sdk=iphonesimulator*]" = YES;
				"INFOPLIST_KEY_UILaunchScreen_Generation[sdk=iphoneos*]" = YES;
				"INFOPLIST_KEY_UILaunchScreen_Generation[sdk=iphonesimulator*]" = YES;
				"INFOPLIST_KEY_UIStatusBarStyle[sdk=iphoneos*]" = UIStatusBarStyleDefault;
				"INFOPLIST_KEY_UIStatusBarStyle[sdk=iphonesimulator*]" = UIStatusBarStyleDefault;
				INFOPLIST_KEY_UISupportedInterfaceOrientations_iPad = "UIInterfaceOrientationPortrait UIInterfaceOrientationPortraitUpsideDown UIInterfaceOrientationLandscapeLeft UIInterfaceOrientationLandscapeRight";
				INFOPLIST_KEY_UISupportedInterfaceOrientations_iPhone = "UIInterfaceOrientationPortrait UIInterfaceOrientationLandscapeLeft UIInterfaceOrientationLandscapeRight";
				IPHONEOS_DEPLOYMENT_TARGET = 17.4;
				LD_RUNPATH_SEARCH_PATHS = "@executable_path/Frameworks";
				"LD_RUNPATH_SEARCH_PATHS[sdk=macosx*]" = "@executable_path/../Frameworks";
				MACOSX_DEPLOYMENT_TARGET = 14.4;
				MARKETING_VERSION = 1.0;
				PRODUCT_BUNDLE_IDENTIFIER = mitcreate.EmergencyContacts;
				PRODUCT_NAME = "$(TARGET_NAME)";
				SDKROOT = auto;
				SUPPORTED_PLATFORMS = "iphoneos iphonesimulator macosx";
				SWIFT_EMIT_LOC_STRINGS = YES;
				SWIFT_VERSION = 5.0;
				TARGETED_DEVICE_FAMILY = "1,2";
			};
			name = Debug;
		};
		2BB1A04A2BD60C0F00E0D41E /* Release */ = {
			isa = XCBuildConfiguration;
			buildSettings = {
				ASSETCATALOG_COMPILER_APPICON_NAME = AppIcon;
				ASSETCATALOG_COMPILER_GLOBAL_ACCENT_COLOR_NAME = AccentColor;
				CODE_SIGN_ENTITLEMENTS = EmergencyContacts/EmergencyContacts.entitlements;
				CODE_SIGN_STYLE = Automatic;
				CURRENT_PROJECT_VERSION = 1;
				DEVELOPMENT_ASSET_PATHS = "\"EmergencyContacts/Preview Content\"";
				ENABLE_PREVIEWS = YES;
				GENERATE_INFOPLIST_FILE = YES;
				"INFOPLIST_KEY_UIApplicationSceneManifest_Generation[sdk=iphoneos*]" = YES;
				"INFOPLIST_KEY_UIApplicationSceneManifest_Generation[sdk=iphonesimulator*]" = YES;
				"INFOPLIST_KEY_UIApplicationSupportsIndirectInputEvents[sdk=iphoneos*]" = YES;
				"INFOPLIST_KEY_UIApplicationSupportsIndirectInputEvents[sdk=iphonesimulator*]" = YES;
				"INFOPLIST_KEY_UILaunchScreen_Generation[sdk=iphoneos*]" = YES;
				"INFOPLIST_KEY_UILaunchScreen_Generation[sdk=iphonesimulator*]" = YES;
				"INFOPLIST_KEY_UIStatusBarStyle[sdk=iphoneos*]" = UIStatusBarStyleDefault;
				"INFOPLIST_KEY_UIStatusBarStyle[sdk=iphonesimulator*]" = UIStatusBarStyleDefault;
				INFOPLIST_KEY_UISupportedInterfaceOrientations_iPad = "UIInterfaceOrientationPortrait UIInterfaceOrientationPortraitUpsideDown UIInterfaceOrientationLandscapeLeft UIInterfaceOrientationLandscapeRight";
				INFOPLIST_KEY_UISupportedInterfaceOrientations_iPhone = "UIInterfaceOrientationPortrait UIInterfaceOrientationLandscapeLeft UIInterfaceOrientationLandscapeRight";
				IPHONEOS_DEPLOYMENT_TARGET = 17.4;
				LD_RUNPATH_SEARCH_PATHS = "@executable_path/Frameworks";
				"LD_RUNPATH_SEARCH_PATHS[sdk=macosx*]" = "@executable_path/../Frameworks";
				MACOSX_DEPLOYMENT_TARGET = 14.4;
				MARKETING_VERSION = 1.0;
				PRODUCT_BUNDLE_IDENTIFIER = mitcreate.EmergencyContacts;
				PRODUCT_NAME = "$(TARGET_NAME)";
				SDKROOT = auto;
				SUPPORTED_PLATFORMS = "iphoneos iphonesimulator macosx";
				SWIFT_EMIT_LOC_STRINGS = YES;
				SWIFT_VERSION = 5.0;
				TARGETED_DEVICE_FAMILY = "1,2";
			};
			name = Release;
		};
		2BB1A04C2BD60C0F00E0D41E /* Debug */ = {
			isa = XCBuildConfiguration;
			buildSettings = {
				ALWAYS_EMBED_SWIFT_STANDARD_LIBRARIES = YES;
				BUNDLE_LOADER = "$(TEST_HOST)";
				CODE_SIGN_STYLE = Automatic;
				CURRENT_PROJECT_VERSION = 1;
				GENERATE_INFOPLIST_FILE = YES;
				IPHONEOS_DEPLOYMENT_TARGET = 17.4;
				MACOSX_DEPLOYMENT_TARGET = 14.4;
				MARKETING_VERSION = 1.0;
				PRODUCT_BUNDLE_IDENTIFIER = mitcreate.EmergencyContactsTests;
				PRODUCT_NAME = "$(TARGET_NAME)";
				SDKROOT = auto;
				SUPPORTED_PLATFORMS = "iphoneos iphonesimulator macosx";
				SWIFT_EMIT_LOC_STRINGS = NO;
				SWIFT_VERSION = 5.0;
				TARGETED_DEVICE_FAMILY = "1,2";
				TEST_HOST = "$(BUILT_PRODUCTS_DIR)/EmergencyContacts.app/$(BUNDLE_EXECUTABLE_FOLDER_PATH)/EmergencyContacts";
			};
			name = Debug;
		};
		2BB1A04D2BD60C0F00E0D41E /* Release */ = {
			isa = XCBuildConfiguration;
			buildSettings = {
				ALWAYS_EMBED_SWIFT_STANDARD_LIBRARIES = YES;
				BUNDLE_LOADER = "$(TEST_HOST)";
				CODE_SIGN_STYLE = Automatic;
				CURRENT_PROJECT_VERSION = 1;
				GENERATE_INFOPLIST_FILE = YES;
				IPHONEOS_DEPLOYMENT_TARGET = 17.4;
				MACOSX_DEPLOYMENT_TARGET = 14.4;
				MARKETING_VERSION = 1.0;
				PRODUCT_BUNDLE_IDENTIFIER = mitcreate.EmergencyContactsTests;
				PRODUCT_NAME = "$(TARGET_NAME)";
				SDKROOT = auto;
				SUPPORTED_PLATFORMS = "iphoneos iphonesimulator macosx";
				SWIFT_EMIT_LOC_STRINGS = NO;
				SWIFT_VERSION = 5.0;
				TARGETED_DEVICE_FAMILY = "1,2";
				TEST_HOST = "$(BUILT_PRODUCTS_DIR)/EmergencyContacts.app/$(BUNDLE_EXECUTABLE_FOLDER_PATH)/EmergencyContacts";
			};
			name = Release;
		};
		2BB1A04F2BD60C0F00E0D41E /* Debug */ = {
			isa = XCBuildConfiguration;
			buildSettings = {
				ALWAYS_EMBED_SWIFT_STANDARD_LIBRARIES = YES;
				CODE_SIGN_STYLE = Automatic;
				CURRENT_PROJECT_VERSION = 1;
				GENERATE_INFOPLIST_FILE = YES;
				IPHONEOS_DEPLOYMENT_TARGET = 17.4;
				MACOSX_DEPLOYMENT_TARGET = 14.4;
				MARKETING_VERSION = 1.0;
				PRODUCT_BUNDLE_IDENTIFIER = mitcreate.EmergencyContactsUITests;
				PRODUCT_NAME = "$(TARGET_NAME)";
				SDKROOT = auto;
				SUPPORTED_PLATFORMS = "iphoneos iphonesimulator macosx";
				SWIFT_EMIT_LOC_STRINGS = NO;
				SWIFT_VERSION = 5.0;
				TARGETED_DEVICE_FAMILY = "1,2";
				TEST_TARGET_NAME = EmergencyContacts;
			};
			name = Debug;
		};
		2BB1A0502BD60C0F00E0D41E /* Release */ = {
			isa = XCBuildConfiguration;
			buildSettings = {
				ALWAYS_EMBED_SWIFT_STANDARD_LIBRARIES = YES;
				CODE_SIGN_STYLE = Automatic;
				CURRENT_PROJECT_VERSION = 1;
				GENERATE_INFOPLIST_FILE = YES;
				IPHONEOS_DEPLOYMENT_TARGET = 17.4;
				MACOSX_DEPLOYMENT_TARGET = 14.4;
				MARKETING_VERSION = 1.0;
				PRODUCT_BUNDLE_IDENTIFIER = mitcreate.EmergencyContactsUITests;
				PRODUCT_NAME = "$(TARGET_NAME)";
				SDKROOT = auto;
				SUPPORTED_PLATFORMS = "iphoneos iphonesimulator macosx";
				SWIFT_EMIT_LOC_STRINGS = NO;
				SWIFT_VERSION = 5.0;
				TARGETED_DEVICE_FAMILY = "1,2";
				TEST_TARGET_NAME = EmergencyContacts;
			};
			name = Release;
		};
/* End XCBuildConfiguration section */

/* Begin XCConfigurationList section */
		2BB1A01E2BD60C0C00E0D41E /* Build configuration list for PBXProject "EmergencyContacts" */ = {
			isa = XCConfigurationList;
			buildConfigurations = (
				2BB1A0462BD60C0F00E0D41E /* Debug */,
				2BB1A0472BD60C0F00E0D41E /* Release */,
			);
			defaultConfigurationIsVisible = 0;
			defaultConfigurationName = Release;
		};
		2BB1A0482BD60C0F00E0D41E /* Build configuration list for PBXNativeTarget "EmergencyContacts" */ = {
			isa = XCConfigurationList;
			buildConfigurations = (
				2BB1A0492BD60C0F00E0D41E /* Debug */,
				2BB1A04A2BD60C0F00E0D41E /* Release */,
			);
			defaultConfigurationIsVisible = 0;
			defaultConfigurationName = Release;
		};
		2BB1A04B2BD60C0F00E0D41E /* Build configuration list for PBXNativeTarget "EmergencyContactsTests" */ = {
			isa = XCConfigurationList;
			buildConfigurations = (
				2BB1A04C2BD60C0F00E0D41E /* Debug */,
				2BB1A04D2BD60C0F00E0D41E /* Release */,
			);
			defaultConfigurationIsVisible = 0;
			defaultConfigurationName = Release;
		};
		2BB1A04E2BD60C0F00E0D41E /* Build configuration list for PBXNativeTarget "EmergencyContactsUITests" */ = {
			isa = XCConfigurationList;
			buildConfigurations = (
				2BB1A04F2BD60C0F00E0D41E /* Debug */,
				2BB1A0502BD60C0F00E0D41E /* Release */,
			);
			defaultConfigurationIsVisible = 0;
			defaultConfigurationName = Release;
		};
/* End XCConfigurationList section */
	};
	rootObject = 2BB1A01B2BD60C0C00E0D41E /* Project object */;
}
